
Microsoft Visual Studio Solution File, Format Version 12.00
# Visual Studio Version 16
VisualStudioVersion = 16.0.31911.196
MinimumVisualStudioVersion = 10.0.40219.1
Project("{FAE04EC0-301F-11D3-BF4B-00C04F79EFBC}") = "PokedexApi", "PokedexApi\PokedexApi.csproj", "{7A993D54-98DA-4ADE-94D0-79D58D96F09E}"
EndProject
Global
	GlobalSection(SolutionConfigurationPlatforms) = preSolution
		Debug|Any CPU = Debug|Any CPU
		Release|Any CPU = Release|Any CPU
	EndGlobalSection
	GlobalSection(ProjectConfigurationPlatforms) = postSolution
		{7A993D54-98DA-4ADE-94D0-79D58D96F09E}.Debug|Any CPU.ActiveCfg = Debug|Any CPU
		{7A993D54-98DA-4ADE-94D0-79D58D96F09E}.Debug|Any CPU.Build.0 = Debug|Any CPU
		{7A993D54-98DA-4ADE-94D0-79D58D96F09E}.Release|Any CPU.ActiveCfg = Release|Any CPU
		{7A993D54-98DA-4ADE-94D0-79D58D96F09E}.Release|Any CPU.Build.0 = Release|Any CPU
	EndGlobalSection
	GlobalSection(SolutionProperties) = preSolution
		HideSolutionNode = FALSE
	EndGlobalSection
	GlobalSection(ExtensibilityGlobals) = postSolution
		SolutionGuid = {86F03ADE-DA93-4058-AD6C-B72E37F70AAE}
	EndGlobalSection
EndGlobal
